
Microsoft Visual Studio Solution File, Format Version 12.00
# Visual Studio Version 16
VisualStudioVersion = 16.0.30804.86
MinimumVisualStudioVersion = 10.0.40219.1
Project("{9A19103F-16F7-4668-BE54-9A1E7A4F7556}") = "OuatTianYaHtmlMaker", "OuatTianYaHtmlMaker\OuatTianYaHtmlMaker.csproj", "{99F047C8-8CAE-42F4-A35E-BF652FD993F0}"
EndProject
Project("{FAE04EC0-301F-11D3-BF4B-00C04F79EFBC}") = "OuatTianYaHtmlMakerTests", "OuatTianYaHtmlMakerTests\OuatTianYaHtmlMakerTests.csproj", "{AF59396A-438C-4C49-8A35-8FD7DBD19461}"
EndProject
Global
	GlobalSection(SolutionConfigurationPlatforms) = preSolution
		Debug|Any CPU = Debug|Any CPU
		Release|Any CPU = Release|Any CPU
	EndGlobalSection
	GlobalSection(ProjectConfigurationPlatforms) = postSolution
		{99F047C8-8CAE-42F4-A35E-BF652FD993F0}.Debug|Any CPU.ActiveCfg = Debug|Any CPU
		{99F047C8-8CAE-42F4-A35E-BF652FD993F0}.Debug|Any CPU.Build.0 = Debug|Any CPU
		{99F047C8-8CAE-42F4-A35E-BF652FD993F0}.Release|Any CPU.ActiveCfg = Release|Any CPU
		{99F047C8-8CAE-42F4-A35E-BF652FD993F0}.Release|Any CPU.Build.0 = Release|Any CPU
		{AF59396A-438C-4C49-8A35-8FD7DBD19461}.Debug|Any CPU.ActiveCfg = Debug|Any CPU
		{AF59396A-438C-4C49-8A35-8FD7DBD19461}.Debug|Any CPU.Build.0 = Debug|Any CPU
		{AF59396A-438C-4C49-8A35-8FD7DBD19461}.Release|Any CPU.ActiveCfg = Release|Any CPU
		{AF59396A-438C-4C49-8A35-8FD7DBD19461}.Release|Any CPU.Build.0 = Release|Any CPU
	EndGlobalSection
	GlobalSection(SolutionProperties) = preSolution
		HideSolutionNode = FALSE
	EndGlobalSection
	GlobalSection(ExtensibilityGlobals) = postSolution
		SolutionGuid = {2F8B93F7-F46B-4CEF-8C1D-DAF4B85A3F86}
	EndGlobalSection
EndGlobal
